# THIS IS AN AUTOGENERATED FILE. DO NOT EDIT THIS FILE DIRECTLY.
# yarn lockfile v1


bootstrap@4.3.0:
  version "4.3.0"
  resolved "https://registry.yarnpkg.com/bootstrap/-/bootstrap-4.3.0.tgz#2559ccb8d45426ac6c54db23eb3d1c9f4257fa22"
  integrity sha512-M0vqY0Z6UDweV2nLFl5dXcb+GIo53EBCGMMVxCGH5vJxl/jsr+HkULBMd4kn9rdpdBZwd3BduCgMOYOwJybo4Q==
